
Microsoft Visual Studio Solution File, Format Version 12.00
# Visual Studio Version 16
VisualStudioVersion = 16.0.30413.136
MinimumVisualStudioVersion = 10.0.40219.1
Project("{FAE04EC0-301F-11D3-BF4B-00C04F79EFBC}") = "QuanLyQuanCafe", "QuanLyQuanCafe\QuanLyQuanCafe.csproj", "{5E68F7E0-F5A1-45CD-B8D1-FCDE4699E560}"
EndProject
Global
	GlobalSection(SolutionConfigurationPlatforms) = preSolution
		Debug|Any CPU = Debug|Any CPU
		Release|Any CPU = Release|Any CPU
	EndGlobalSection
	GlobalSection(ProjectConfigurationPlatforms) = postSolution
		{5E68F7E0-F5A1-45CD-B8D1-FCDE4699E560}.Debug|Any CPU.ActiveCfg = Debug|Any CPU
		{5E68F7E0-F5A1-45CD-B8D1-FCDE4699E560}.Debug|Any CPU.Build.0 = Debug|Any CPU
		{5E68F7E0-F5A1-45CD-B8D1-FCDE4699E560}.Release|Any CPU.ActiveCfg = Release|Any CPU
		{5E68F7E0-F5A1-45CD-B8D1-FCDE4699E560}.Release|Any CPU.Build.0 = Release|Any CPU
	EndGlobalSection
	GlobalSection(SolutionProperties) = preSolution
		HideSolutionNode = FALSE
	EndGlobalSection
	GlobalSection(ExtensibilityGlobals) = postSolution
		SolutionGuid = {489569EC-75FB-485C-AE12-B5127979BDAA}
	EndGlobalSection
EndGlobal
